
Microsoft Visual Studio Solution File, Format Version 12.00
# Visual Studio 15
VisualStudioVersion = 15.0.27703.2026
MinimumVisualStudioVersion = 10.0.40219.1
Project("{FAE04EC0-301F-11D3-BF4B-00C04F79EFBC}") = "MeshPathfinding", "MeshPathfinding\MeshPathfinding.csproj", "{B775E336-F721-4CBF-B495-F5EBFB6E9983}"
	ProjectSection(ProjectDependencies) = postProject
		{F7907A0A-B75F-400B-9E78-BFAD00DB4D6B} = {F7907A0A-B75F-400B-9E78-BFAD00DB4D6B}
		{E7DE07A4-F9EB-49B8-94D2-972DB67B36D5} = {E7DE07A4-F9EB-49B8-94D2-972DB67B36D5}
		{43544CF1-D959-434C-91E0-32BF55C86200} = {43544CF1-D959-434C-91E0-32BF55C86200}
	EndProjectSection
EndProject
Project("{FAE04EC0-301F-11D3-BF4B-00C04F79EFBC}") = "BorderTest", "BorderTest\BorderTest.csproj", "{B8E3C79E-7AEC-4A3C-A575-FFD64B8FC199}"
EndProject
Project("{FAE04EC0-301F-11D3-BF4B-00C04F79EFBC}") = "WorldTest", "WorldTest\WorldTest.csproj", "{942A26A1-DA24-4BFE-A64B-2CF410DBBBA7}"
EndProject
Project("{FAE04EC0-301F-11D3-BF4B-00C04F79EFBC}") = "MapCreator", "MapCreator\MapCreator.csproj", "{F5E0A88F-6CB6-413F-AF93-267CBAAFDF29}"
EndProject
Project("{FAE04EC0-301F-11D3-BF4B-00C04F79EFBC}") = "MyMath", "MyMath\MyMath.csproj", "{E7DE07A4-F9EB-49B8-94D2-972DB67B36D5}"
EndProject
Project("{2150E333-8FDC-42A3-9474-1A3956D46DE8}") = "submodules", "submodules", "{61EA5719-83FD-47C8-BDDB-4BC5A8CF4902}"
EndProject
Project("{2150E333-8FDC-42A3-9474-1A3956D46DE8}") = "test", "test", "{EC4AA8D0-6025-49C1-A3A7-314EA2A42FE3}"
EndProject
Project("{FAE04EC0-301F-11D3-BF4B-00C04F79EFBC}") = "Fractal", "submodules\fractal\Fractal\Fractal.csproj", "{43544CF1-D959-434C-91E0-32BF55C86200}"
EndProject
Project("{FAE04EC0-301F-11D3-BF4B-00C04F79EFBC}") = "Triangle", "submodules\triangle\Triangle.NET\Triangle\Triangle.csproj", "{F7907A0A-B75F-400B-9E78-BFAD00DB4D6B}"
EndProject
Global
	GlobalSection(SolutionConfigurationPlatforms) = preSolution
		Debug|Any CPU = Debug|Any CPU
		Release|Any CPU = Release|Any CPU
	EndGlobalSection
	GlobalSection(ProjectConfigurationPlatforms) = postSolution
		{B775E336-F721-4CBF-B495-F5EBFB6E9983}.Debug|Any CPU.ActiveCfg = Debug|Any CPU
		{B775E336-F721-4CBF-B495-F5EBFB6E9983}.Debug|Any CPU.Build.0 = Debug|Any CPU
		{B775E336-F721-4CBF-B495-F5EBFB6E9983}.Release|Any CPU.ActiveCfg = Release|Any CPU
		{B775E336-F721-4CBF-B495-F5EBFB6E9983}.Release|Any CPU.Build.0 = Release|Any CPU
		{B8E3C79E-7AEC-4A3C-A575-FFD64B8FC199}.Debug|Any CPU.ActiveCfg = Debug|Any CPU
		{B8E3C79E-7AEC-4A3C-A575-FFD64B8FC199}.Debug|Any CPU.Build.0 = Debug|Any CPU
		{B8E3C79E-7AEC-4A3C-A575-FFD64B8FC199}.Release|Any CPU.ActiveCfg = Release|Any CPU
		{B8E3C79E-7AEC-4A3C-A575-FFD64B8FC199}.Release|Any CPU.Build.0 = Release|Any CPU
		{942A26A1-DA24-4BFE-A64B-2CF410DBBBA7}.Debug|Any CPU.ActiveCfg = Debug|Any CPU
		{942A26A1-DA24-4BFE-A64B-2CF410DBBBA7}.Debug|Any CPU.Build.0 = Debug|Any CPU
		{942A26A1-DA24-4BFE-A64B-2CF410DBBBA7}.Release|Any CPU.ActiveCfg = Release|Any CPU
		{942A26A1-DA24-4BFE-A64B-2CF410DBBBA7}.Release|Any CPU.Build.0 = Release|Any CPU
		{F5E0A88F-6CB6-413F-AF93-267CBAAFDF29}.Debug|Any CPU.ActiveCfg = Debug|Any CPU
		{F5E0A88F-6CB6-413F-AF93-267CBAAFDF29}.Debug|Any CPU.Build.0 = Debug|Any CPU
		{F5E0A88F-6CB6-413F-AF93-267CBAAFDF29}.Release|Any CPU.ActiveCfg = Release|Any CPU
		{F5E0A88F-6CB6-413F-AF93-267CBAAFDF29}.Release|Any CPU.Build.0 = Release|Any CPU
		{E7DE07A4-F9EB-49B8-94D2-972DB67B36D5}.Debug|Any CPU.ActiveCfg = Debug|Any CPU
		{E7DE07A4-F9EB-49B8-94D2-972DB67B36D5}.Debug|Any CPU.Build.0 = Debug|Any CPU
		{E7DE07A4-F9EB-49B8-94D2-972DB67B36D5}.Release|Any CPU.ActiveCfg = Release|Any CPU
		{E7DE07A4-F9EB-49B8-94D2-972DB67B36D5}.Release|Any CPU.Build.0 = Release|Any CPU
		{43544CF1-D959-434C-91E0-32BF55C86200}.Debug|Any CPU.ActiveCfg = Debug|Any CPU
		{43544CF1-D959-434C-91E0-32BF55C86200}.Debug|Any CPU.Build.0 = Debug|Any CPU
		{43544CF1-D959-434C-91E0-32BF55C86200}.Release|Any CPU.ActiveCfg = Release|Any CPU
		{43544CF1-D959-434C-91E0-32BF55C86200}.Release|Any CPU.Build.0 = Release|Any CPU
		{F7907A0A-B75F-400B-9E78-BFAD00DB4D6B}.Debug|Any CPU.ActiveCfg = Debug|Any CPU
		{F7907A0A-B75F-400B-9E78-BFAD00DB4D6B}.Debug|Any CPU.Build.0 = Debug|Any CPU
		{F7907A0A-B75F-400B-9E78-BFAD00DB4D6B}.Release|Any CPU.ActiveCfg = Release|Any CPU
		{F7907A0A-B75F-400B-9E78-BFAD00DB4D6B}.Release|Any CPU.Build.0 = Release|Any CPU
	EndGlobalSection
	GlobalSection(SolutionProperties) = preSolution
		HideSolutionNode = FALSE
	EndGlobalSection
	GlobalSection(NestedProjects) = preSolution
		{B8E3C79E-7AEC-4A3C-A575-FFD64B8FC199} = {EC4AA8D0-6025-49C1-A3A7-314EA2A42FE3}
		{942A26A1-DA24-4BFE-A64B-2CF410DBBBA7} = {EC4AA8D0-6025-49C1-A3A7-314EA2A42FE3}
		{43544CF1-D959-434C-91E0-32BF55C86200} = {61EA5719-83FD-47C8-BDDB-4BC5A8CF4902}
		{F7907A0A-B75F-400B-9E78-BFAD00DB4D6B} = {61EA5719-83FD-47C8-BDDB-4BC5A8CF4902}
	EndGlobalSection
	GlobalSection(ExtensibilityGlobals) = postSolution
		SolutionGuid = {0067D600-8715-4036-9DC9-35E5CDD8144F}
	EndGlobalSection
EndGlobal
